{
  "name": "project2",
  "lockfileVersion": 3,
  "requires": true,
  "packages": {
    "": {
      "dependencies": {
        "flag-icons": "^6.7.0"
      }
    },
    "node_modules/flag-icons": {
      "version": "6.7.0",
      "resolved": "https://registry.npmjs.org/flag-icons/-/flag-icons-6.7.0.tgz",
      "integrity": "sha512-+KXrrrXN2jiETFxisFl+3f83Bq7tj5nuIWnbv9fX59k05lvldEXRCOffybb5hAIjMWt4nmG0E8OfKt7Flm99Eg=="
    }
  }
}
